# This file is autogenerated, do not edit; changes may be undone by the next 'dep ensure'.


[[projects]]
  name = "github.com/go-sql-driver/mysql"
  packages = ["."]
  revision = "a0583e0143b1624142adab07e0e97fe106d99561"
  version = "v1.3"

[[projects]]
  branch = "master"
  name = "github.com/go-xorm/builder"
  packages = ["."]
  revision = "a4a881a4e552fcb5473f39e8b9f7d9f3457a7fb0"

[[projects]]
  name = "github.com/go-xorm/core"
  packages = ["."]
  revision = "da1adaf7a28ca792961721a34e6e04945200c890"
  version = "v0.5.7"

[[projects]]
  name = "github.com/go-xorm/xorm"
  packages = ["."]
  revision = "d7f04c3cecff8d8c9321b2c39940e1992ce9f01a"
  version = "v0.6.3"

[[projects]]
  branch = "master"
  name = "github.com/gopherjs/gopherjs"
  packages = ["js"]
  revision = "444abdf920945de5d4a977b572bcc6c674d1e4eb"

[[projects]]
  name = "github.com/jtolds/gls"
  packages = ["."]
  revision = "77f18212c9c7edc9bd6a33d383a7b545ce62f064"
  version = "v4.2.1"

[[projects]]
  name = "github.com/mattn/go-runewidth"
  packages = ["."]
  revision = "9e777a8366cce605130a531d2cd6363d07ad7317"
  version = "v0.0.2"

[[projects]]
  branch = "master"
  name = "github.com/olekukonko/tablewriter"
  packages = ["."]
  revision = "a7a4c189eb47ed33ce7b35f2880070a0c82a67d4"

[[projects]]
  name = "github.com/smartystreets/assertions"
  packages = [".","internal/go-render/render","internal/oglematchers"]
  revision = "ff1918e1e5a13a74014644ae7c1e0ba2f791364d"
  version = "1.8.0"

[[projects]]
  name = "github.com/smartystreets/goconvey"
  packages = ["convey","convey/gotest","convey/reporting"]
  revision = "9e8dc3f972df6c8fcc0375ef492c24d0bb204857"
  version = "1.6.3"

[[projects]]
  name = "github.com/urfave/cli"
  packages = ["."]
  revision = "cfb38830724cc34fedffe9a2a29fb54fa9169cd1"
  version = "v1.20.0"

[[projects]]
  branch = "master"
  name = "golang.org/x/crypto"
  packages = ["ssh/terminal"]
  revision = "95a4943f35d008beabde8c11e5075a1b714e6419"

[[projects]]
  branch = "master"
  name = "golang.org/x/sys"
  packages = ["unix","windows"]
  revision = "83801418e1b59fb1880e363299581ee543af32ca"

[solve-meta]
  analyzer-name = "dep"
  analyzer-version = 1
  inputs-digest = "a5ec104891a02624234b1a9c2f30ea6f33de903f2da4a0d8c6cbe5f03fbffa98"
  solver-name = "gps-cdcl"
  solver-version = 1
