# This file is autogenerated, do not edit; changes may be undone by the next 'dep ensure'.


[[projects]]
  name = "github.com/bndr/gotabulate"
  packages = ["."]
  revision = "94ff52dbe671866d4f5cd3463ecdad8ec550e578"
  version = "v1.1.2"

[[projects]]
  name = "github.com/go-sql-driver/mysql"
  packages = ["."]
  revision = "a0583e0143b1624142adab07e0e97fe106d99561"
  version = "v1.3"

[[projects]]
  branch = "master"
  name = "github.com/go-xorm/builder"
  packages = ["."]
  revision = "a4a881a4e552fcb5473f39e8b9f7d9f3457a7fb0"

[[projects]]
  name = "github.com/go-xorm/core"
  packages = ["."]
  revision = "da1adaf7a28ca792961721a34e6e04945200c890"
  version = "v0.5.7"

[[projects]]
  name = "github.com/go-xorm/xorm"
  packages = ["."]
  revision = "d7f04c3cecff8d8c9321b2c39940e1992ce9f01a"
  version = "v0.6.3"

[[projects]]
  name = "github.com/mattn/go-runewidth"
  packages = ["."]
  revision = "9e777a8366cce605130a531d2cd6363d07ad7317"
  version = "v0.0.2"

[[projects]]
  branch = "master"
  name = "github.com/olekukonko/tablewriter"
  packages = ["."]
  revision = "a7a4c189eb47ed33ce7b35f2880070a0c82a67d4"

[[projects]]
  name = "github.com/urfave/cli"
  packages = ["."]
  revision = "cfb38830724cc34fedffe9a2a29fb54fa9169cd1"
  version = "v1.20.0"

[solve-meta]
  analyzer-name = "dep"
  analyzer-version = 1
  inputs-digest = "cd4ce58df9cee65d8017cdb47ab267cd42e659b1f4f9e4b7cb3b0f283dbc68ce"
  solver-name = "gps-cdcl"
  solver-version = 1
